
Microsoft Visual Studio Solution File, Format Version 12.00
# Visual Studio 14
VisualStudioVersion = 14.0.25420.1
MinimumVisualStudioVersion = 10.0.40219.1
Project("{FAE04EC0-301F-11D3-BF4B-00C04F79EFBC}") = "WorkListCR", "WorkListCR\WorkListCR.csproj", "{ACEC697C-2498-43B6-BD1E-F672D9172231}"
	ProjectSection(ProjectDependencies) = postProject
		{95736BD2-1111-489E-8396-65A6ACB2D0F5} = {95736BD2-1111-489E-8396-65A6ACB2D0F5}
	EndProjectSection
EndProject
Project("{FAE04EC0-301F-11D3-BF4B-00C04F79EFBC}") = "exportData", "exportData\exportData.csproj", "{09F7AF86-ECB9-466D-A7E6-00794760E8D0}"
	ProjectSection(ProjectDependencies) = postProject
		{95736BD2-1111-489E-8396-65A6ACB2D0F5} = {95736BD2-1111-489E-8396-65A6ACB2D0F5}
	EndProjectSection
EndProject
Project("{FAE04EC0-301F-11D3-BF4B-00C04F79EFBC}") = "DataModel", "DataModel\DataModel.csproj", "{95736BD2-1111-489E-8396-65A6ACB2D0F5}"
EndProject
Global
	GlobalSection(SolutionConfigurationPlatforms) = preSolution
		Debug|Any CPU = Debug|Any CPU
		Release|Any CPU = Release|Any CPU
	EndGlobalSection
	GlobalSection(ProjectConfigurationPlatforms) = postSolution
		{ACEC697C-2498-43B6-BD1E-F672D9172231}.Debug|Any CPU.ActiveCfg = Debug|Any CPU
		{ACEC697C-2498-43B6-BD1E-F672D9172231}.Debug|Any CPU.Build.0 = Debug|Any CPU
		{ACEC697C-2498-43B6-BD1E-F672D9172231}.Release|Any CPU.ActiveCfg = Release|Any CPU
		{ACEC697C-2498-43B6-BD1E-F672D9172231}.Release|Any CPU.Build.0 = Release|Any CPU
		{09F7AF86-ECB9-466D-A7E6-00794760E8D0}.Debug|Any CPU.ActiveCfg = Debug|Any CPU
		{09F7AF86-ECB9-466D-A7E6-00794760E8D0}.Debug|Any CPU.Build.0 = Debug|Any CPU
		{09F7AF86-ECB9-466D-A7E6-00794760E8D0}.Release|Any CPU.ActiveCfg = Release|Any CPU
		{09F7AF86-ECB9-466D-A7E6-00794760E8D0}.Release|Any CPU.Build.0 = Release|Any CPU
		{95736BD2-1111-489E-8396-65A6ACB2D0F5}.Debug|Any CPU.ActiveCfg = Debug|Any CPU
		{95736BD2-1111-489E-8396-65A6ACB2D0F5}.Debug|Any CPU.Build.0 = Debug|Any CPU
		{95736BD2-1111-489E-8396-65A6ACB2D0F5}.Release|Any CPU.ActiveCfg = Release|Any CPU
		{95736BD2-1111-489E-8396-65A6ACB2D0F5}.Release|Any CPU.Build.0 = Release|Any CPU
	EndGlobalSection
	GlobalSection(SolutionProperties) = preSolution
		HideSolutionNode = FALSE
	EndGlobalSection
EndGlobal
